// !$*UTF8*$!
{
	archiveVersion = 1;
	classes = {
	};
	objectVersion = 48;
	objects = {

/* Begin PBXBuildFile section */
		BA0CE23920B6F6BC00CD4843 /* DLogMgr.m in Sources */ = {isa = PBXBuildFile; fileRef = BA0CE23820B6F6BC00CD4843 /* DLogMgr.m */; };
		BA0E410E20B415AB00380FC1 /* AppDelegate.m in Sources */ = {isa = PBXBuildFile; fileRef = BA0E410D20B415AB00380FC1 /* AppDelegate.m */; };
		BA0E411120B415AB00380FC1 /* ViewController.m in Sources */ = {isa = PBXBuildFile; fileRef = BA0E411020B415AB00380FC1 /* ViewController.m */; };
		BA0E411420B415AB00380FC1 /* Main.storyboard in Resources */ = {isa = PBXBuildFile; fileRef = BA0E411220B415AB00380FC1 /* Main.storyboard */; };
		BA0E411620B415AB00380FC1 /* Assets.xcassets in Resources */ = {isa = PBXBuildFile; fileRef = BA0E411520B415AB00380FC1 /* Assets.xcassets */; };
		BA0E411920B415AB00380FC1 /* LaunchScreen.storyboard in Resources */ = {isa = PBXBuildFile; fileRef = BA0E411720B415AB00380FC1 /* LaunchScreen.storyboard */; };
		BA0E411C20B415AB00380FC1 /* main.m in Sources */ = {isa = PBXBuildFile; fileRef = BA0E411B20B415AB00380FC1 /* main.m */; };
		BA0E412620B415AB00380FC1 /* DebugLogWindowTests.m in Sources */ = {isa = PBXBuildFile; fileRef = BA0E412520B415AB00380FC1 /* DebugLogWindowTests.m */; };
		BA0E413120B415AB00380FC1 /* DebugLogWindowUITests.m in Sources */ = {isa = PBXBuildFile; fileRef = BA0E413020B415AB00380FC1 /* DebugLogWindowUITests.m */; };
		BA0E414320B41A1F00380FC1 /* DLogDataBaseMgr.m in Sources */ = {isa = PBXBuildFile; fileRef = BA0E414220B41A1F00380FC1 /* DLogDataBaseMgr.m */; };
		BA0E414620B4221800380FC1 /* DLogDBTable.m in Sources */ = {isa = PBXBuildFile; fileRef = BA0E414520B4221800380FC1 /* DLogDBTable.m */; };
		BA0E414A20B4223C00380FC1 /* DlogModel.m in Sources */ = {isa = PBXBuildFile; fileRef = BA0E414920B4223C00380FC1 /* DlogModel.m */; };
		BA0E414E20B501C200380FC1 /* DLogWindowView.m in Sources */ = {isa = PBXBuildFile; fileRef = BA0E414D20B501C200380FC1 /* DLogWindowView.m */; };
		BA0E415220B50D3F00380FC1 /* DLogTool.m in Sources */ = {isa = PBXBuildFile; fileRef = BA0E415120B50D3F00380FC1 /* DLogTool.m */; };
		BABEA44620B6FDF400F69746 /* libsqlite3.tbd in Frameworks */ = {isa = PBXBuildFile; fileRef = BA0CE23A20B6FB8F00CD4843 /* libsqlite3.tbd */; };
		BABEA44820B6FECA00F69746 /* UIKit.framework in Frameworks */ = {isa = PBXBuildFile; fileRef = BABEA44720B6FEC900F69746 /* UIKit.framework */; };
		BABEA44A20B6FED400F69746 /* Foundation.framework in Frameworks */ = {isa = PBXBuildFile; fileRef = BABEA44920B6FED400F69746 /* Foundation.framework */; };
		CA2416C9A915E5A750B0B795 /* libPods-DebugLogWindow.a in Frameworks */ = {isa = PBXBuildFile; fileRef = A80D53DD215E167FA653FC0B /* libPods-DebugLogWindow.a */; };
/* End PBXBuildFile section */

/* Begin PBXContainerItemProxy section */
		BA0E412220B415AB00380FC1 /* PBXContainerItemProxy */ = {
			isa = PBXContainerItemProxy;
			containerPortal = BA0E410120B415AB00380FC1 /* Project object */;
			proxyType = 1;
			remoteGlobalIDString = BA0E410820B415AB00380FC1;
			remoteInfo = DebugLogWindow;
		};
		BA0E412D20B415AB00380FC1 /* PBXContainerItemProxy */ = {
			isa = PBXContainerItemProxy;
			containerPortal = BA0E410120B415AB00380FC1 /* Project object */;
			proxyType = 1;
			remoteGlobalIDString = BA0E410820B415AB00380FC1;
			remoteInfo = DebugLogWindow;
		};
/* End PBXContainerItemProxy section */

/* Begin PBXFileReference section */
		6700FA4C188799D73D658601 /* Pods-DebugLogWindow.release.xcconfig */ = {isa = PBXFileReference; includeInIndex = 1; lastKnownFileType = text.xcconfig; name = "Pods-DebugLogWindow.release.xcconfig"; path = "Pods/Target Support Files/Pods-DebugLogWindow/Pods-DebugLogWindow.release.xcconfig"; sourceTree = "<group>"; };
		A80D53DD215E167FA653FC0B /* libPods-DebugLogWindow.a */ = {isa = PBXFileReference; explicitFileType = archive.ar; includeInIndex = 0; path = "libPods-DebugLogWindow.a"; sourceTree = BUILT_PRODUCTS_DIR; };
		BA0CE23720B6F6BC00CD4843 /* DLogMgr.h */ = {isa = PBXFileReference; lastKnownFileType = sourcecode.c.h; path = DLogMgr.h; sourceTree = "<group>"; };
		BA0CE23820B6F6BC00CD4843 /* DLogMgr.m */ = {isa = PBXFileReference; lastKnownFileType = sourcecode.c.objc; path = DLogMgr.m; sourceTree = "<group>"; };
		BA0CE23A20B6FB8F00CD4843 /* libsqlite3.tbd */ = {isa = PBXFileReference; lastKnownFileType = "sourcecode.text-based-dylib-definition"; name = libsqlite3.tbd; path = usr/lib/libsqlite3.tbd; sourceTree = SDKROOT; };
		BA0CE23C20B6FB9D00CD4843 /* libsqlite3.0.tbd */ = {isa = PBXFileReference; lastKnownFileType = "sourcecode.text-based-dylib-definition"; name = libsqlite3.0.tbd; path = usr/lib/libsqlite3.0.tbd; sourceTree = SDKROOT; };
		BA0E410920B415AB00380FC1 /* DebugLogWindow.app */ = {isa = PBXFileReference; explicitFileType = wrapper.application; includeInIndex = 0; path = DebugLogWindow.app; sourceTree = BUILT_PRODUCTS_DIR; };
		BA0E410C20B415AB00380FC1 /* AppDelegate.h */ = {isa = PBXFileReference; lastKnownFileType = sourcecode.c.h; path = AppDelegate.h; sourceTree = "<group>"; };
		BA0E410D20B415AB00380FC1 /* AppDelegate.m */ = {isa = PBXFileReference; lastKnownFileType = sourcecode.c.objc; path = AppDelegate.m; sourceTree = "<group>"; };
		BA0E410F20B415AB00380FC1 /* ViewController.h */ = {isa = PBXFileReference; lastKnownFileType = sourcecode.c.h; path = ViewController.h; sourceTree = "<group>"; };
		BA0E411020B415AB00380FC1 /* ViewController.m */ = {isa = PBXFileReference; lastKnownFileType = sourcecode.c.objc; path = ViewController.m; sourceTree = "<group>"; };
		BA0E411320B415AB00380FC1 /* Base */ = {isa = PBXFileReference; lastKnownFileType = file.storyboard; name = Base; path = Base.lproj/Main.storyboard; sourceTree = "<group>"; };
		BA0E411520B415AB00380FC1 /* Assets.xcassets */ = {isa = PBXFileReference; lastKnownFileType = folder.assetcatalog; path = Assets.xcassets; sourceTree = "<group>"; };
		BA0E411820B415AB00380FC1 /* Base */ = {isa = PBXFileReference; lastKnownFileType = file.storyboard; name = Base; path = Base.lproj/LaunchScreen.storyboard; sourceTree = "<group>"; };
		BA0E411A20B415AB00380FC1 /* Info.plist */ = {isa = PBXFileReference; lastKnownFileType = text.plist.xml; path = Info.plist; sourceTree = "<group>"; };
		BA0E411B20B415AB00380FC1 /* main.m */ = {isa = PBXFileReference; lastKnownFileType = sourcecode.c.objc; path = main.m; sourceTree = "<group>"; };
		BA0E412120B415AB00380FC1 /* DebugLogWindowTests.xctest */ = {isa = PBXFileReference; explicitFileType = wrapper.cfbundle; includeInIndex = 0; path = DebugLogWindowTests.xctest; sourceTree = BUILT_PRODUCTS_DIR; };
		BA0E412520B415AB00380FC1 /* DebugLogWindowTests.m */ = {isa = PBXFileReference; lastKnownFileType = sourcecode.c.objc; path = DebugLogWindowTests.m; sourceTree = "<group>"; };
		BA0E412720B415AB00380FC1 /* Info.plist */ = {isa = PBXFileReference; lastKnownFileType = text.plist.xml; path = Info.plist; sourceTree = "<group>"; };
		BA0E412C20B415AB00380FC1 /* DebugLogWindowUITests.xctest */ = {isa = PBXFileReference; explicitFileType = wrapper.cfbundle; includeInIndex = 0; path = DebugLogWindowUITests.xctest; sourceTree = BUILT_PRODUCTS_DIR; };
		BA0E413020B415AB00380FC1 /* DebugLogWindowUITests.m */ = {isa = PBXFileReference; lastKnownFileType = sourcecode.c.objc; path = DebugLogWindowUITests.m; sourceTree = "<group>"; };
		BA0E413220B415AB00380FC1 /* Info.plist */ = {isa = PBXFileReference; lastKnownFileType = text.plist.xml; path = Info.plist; sourceTree = "<group>"; };
		BA0E414120B41A1F00380FC1 /* DLogDataBaseMgr.h */ = {isa = PBXFileReference; lastKnownFileType = sourcecode.c.h; path = DLogDataBaseMgr.h; sourceTree = "<group>"; };
		BA0E414220B41A1F00380FC1 /* DLogDataBaseMgr.m */ = {isa = PBXFileReference; lastKnownFileType = sourcecode.c.objc; path = DLogDataBaseMgr.m; sourceTree = "<group>"; };
		BA0E414420B4221800380FC1 /* DLogDBTable.h */ = {isa = PBXFileReference; lastKnownFileType = sourcecode.c.h; path = DLogDBTable.h; sourceTree = "<group>"; };
		BA0E414520B4221800380FC1 /* DLogDBTable.m */ = {isa = PBXFileReference; lastKnownFileType = sourcecode.c.objc; path = DLogDBTable.m; sourceTree = "<group>"; };
		BA0E414820B4223C00380FC1 /* DlogModel.h */ = {isa = PBXFileReference; lastKnownFileType = sourcecode.c.h; path = DlogModel.h; sourceTree = "<group>"; };
		BA0E414920B4223C00380FC1 /* DlogModel.m */ = {isa = PBXFileReference; lastKnownFileType = sourcecode.c.objc; path = DlogModel.m; sourceTree = "<group>"; };
		BA0E414C20B501C200380FC1 /* DLogWindowView.h */ = {isa = PBXFileReference; lastKnownFileType = sourcecode.c.h; path = DLogWindowView.h; sourceTree = "<group>"; };
		BA0E414D20B501C200380FC1 /* DLogWindowView.m */ = {isa = PBXFileReference; lastKnownFileType = sourcecode.c.objc; path = DLogWindowView.m; sourceTree = "<group>"; };
		BA0E415020B50D3F00380FC1 /* DLogTool.h */ = {isa = PBXFileReference; lastKnownFileType = sourcecode.c.h; path = DLogTool.h; sourceTree = "<group>"; };
		BA0E415120B50D3F00380FC1 /* DLogTool.m */ = {isa = PBXFileReference; lastKnownFileType = sourcecode.c.objc; path = DLogTool.m; sourceTree = "<group>"; };
		BABEA44720B6FEC900F69746 /* UIKit.framework */ = {isa = PBXFileReference; lastKnownFileType = wrapper.framework; name = UIKit.framework; path = System/Library/Frameworks/UIKit.framework; sourceTree = SDKROOT; };
		BABEA44920B6FED400F69746 /* Foundation.framework */ = {isa = PBXFileReference; lastKnownFileType = wrapper.framework; name = Foundation.framework; path = System/Library/Frameworks/Foundation.framework; sourceTree = SDKROOT; };
		EBD5C4D57DB2E9B754F571C9 /* Pods-DebugLogWindow.debug.xcconfig */ = {isa = PBXFileReference; includeInIndex = 1; lastKnownFileType = text.xcconfig; name = "Pods-DebugLogWindow.debug.xcconfig"; path = "Pods/Target Support Files/Pods-DebugLogWindow/Pods-DebugLogWindow.debug.xcconfig"; sourceTree = "<group>"; };
/* End PBXFileReference section */

/* Begin PBXFrameworksBuildPhase section */
		BA0E410620B415AB00380FC1 /* Frameworks */ = {
			isa = PBXFrameworksBuildPhase;
			buildActionMask = 2147483647;
			files = (
				BABEA44A20B6FED400F69746 /* Foundation.framework in Frameworks */,
				BABEA44820B6FECA00F69746 /* UIKit.framework in Frameworks */,
				BABEA44620B6FDF400F69746 /* libsqlite3.tbd in Frameworks */,
				CA2416C9A915E5A750B0B795 /* libPods-DebugLogWindow.a in Frameworks */,
			);
			runOnlyForDeploymentPostprocessing = 0;
		};
		BA0E411E20B415AB00380FC1 /* Frameworks */ = {
			isa = PBXFrameworksBuildPhase;
			buildActionMask = 2147483647;
			files = (
			);
			runOnlyForDeploymentPostprocessing = 0;
		};
		BA0E412920B415AB00380FC1 /* Frameworks */ = {
			isa = PBXFrameworksBuildPhase;
			buildActionMask = 2147483647;
			files = (
			);
			runOnlyForDeploymentPostprocessing = 0;
		};
/* End PBXFrameworksBuildPhase section */

/* Begin PBXGroup section */
		58BD0721621FAA9619FFBAEE /* Pods */ = {
			isa = PBXGroup;
			children = (
				EBD5C4D57DB2E9B754F571C9 /* Pods-DebugLogWindow.debug.xcconfig */,
				6700FA4C188799D73D658601 /* Pods-DebugLogWindow.release.xcconfig */,
			);
			name = Pods;
			sourceTree = "<group>";
		};
		753D1CECDEBAD6AE619125CB /* Frameworks */ = {
			isa = PBXGroup;
			children = (
				BABEA44920B6FED400F69746 /* Foundation.framework */,
				BABEA44720B6FEC900F69746 /* UIKit.framework */,
				BA0CE23C20B6FB9D00CD4843 /* libsqlite3.0.tbd */,
				BA0CE23A20B6FB8F00CD4843 /* libsqlite3.tbd */,
				A80D53DD215E167FA653FC0B /* libPods-DebugLogWindow.a */,
			);
			name = Frameworks;
			sourceTree = "<group>";
		};
		BA0E410020B415AB00380FC1 = {
			isa = PBXGroup;
			children = (
				BA0E410B20B415AB00380FC1 /* DebugLogWindow */,
				BA0E412420B415AB00380FC1 /* DebugLogWindowTests */,
				BA0E412F20B415AB00380FC1 /* DebugLogWindowUITests */,
				BA0E410A20B415AB00380FC1 /* Products */,
				58BD0721621FAA9619FFBAEE /* Pods */,
				753D1CECDEBAD6AE619125CB /* Frameworks */,
			);
			sourceTree = "<group>";
		};
		BA0E410A20B415AB00380FC1 /* Products */ = {
			isa = PBXGroup;
			children = (
				BA0E410920B415AB00380FC1 /* DebugLogWindow.app */,
				BA0E412120B415AB00380FC1 /* DebugLogWindowTests.xctest */,
				BA0E412C20B415AB00380FC1 /* DebugLogWindowUITests.xctest */,
			);
			name = Products;
			sourceTree = "<group>";
		};
		BA0E410B20B415AB00380FC1 /* DebugLogWindow */ = {
			isa = PBXGroup;
			children = (
				BA0E413E20B415C300380FC1 /* DebugLogWindow */,
				BA0E410C20B415AB00380FC1 /* AppDelegate.h */,
				BA0E410D20B415AB00380FC1 /* AppDelegate.m */,
				BA0E410F20B415AB00380FC1 /* ViewController.h */,
				BA0E411020B415AB00380FC1 /* ViewController.m */,
				BA0E411220B415AB00380FC1 /* Main.storyboard */,
				BA0E411520B415AB00380FC1 /* Assets.xcassets */,
				BA0E411720B415AB00380FC1 /* LaunchScreen.storyboard */,
				BA0E411A20B415AB00380FC1 /* Info.plist */,
				BA0E411B20B415AB00380FC1 /* main.m */,
			);
			path = DebugLogWindow;
			sourceTree = "<group>";
		};
		BA0E412420B415AB00380FC1 /* DebugLogWindowTests */ = {
			isa = PBXGroup;
			children = (
				BA0E412520B415AB00380FC1 /* DebugLogWindowTests.m */,
				BA0E412720B415AB00380FC1 /* Info.plist */,
			);
			path = DebugLogWindowTests;
			sourceTree = "<group>";
		};
		BA0E412F20B415AB00380FC1 /* DebugLogWindowUITests */ = {
			isa = PBXGroup;
			children = (
				BA0E413020B415AB00380FC1 /* DebugLogWindowUITests.m */,
				BA0E413220B415AB00380FC1 /* Info.plist */,
			);
			path = DebugLogWindowUITests;
			sourceTree = "<group>";
		};
		BA0E413E20B415C300380FC1 /* DebugLogWindow */ = {
			isa = PBXGroup;
			children = (
				BA0E414F20B50D1D00380FC1 /* Tool */,
				BA0E414B20B500CF00380FC1 /* Mgr */,
				BA0E414720B4222C00380FC1 /* Model */,
				BA0E414020B4199800380FC1 /* DB */,
				BA0E413F20B416C800380FC1 /* UI */,
			);
			path = DebugLogWindow;
			sourceTree = "<group>";
		};
		BA0E413F20B416C800380FC1 /* UI */ = {
			isa = PBXGroup;
			children = (
				BA0E414C20B501C200380FC1 /* DLogWindowView.h */,
				BA0E414D20B501C200380FC1 /* DLogWindowView.m */,
			);
			path = UI;
			sourceTree = "<group>";
		};
		BA0E414020B4199800380FC1 /* DB */ = {
			isa = PBXGroup;
			children = (
				BA0E414120B41A1F00380FC1 /* DLogDataBaseMgr.h */,
				BA0E414220B41A1F00380FC1 /* DLogDataBaseMgr.m */,
				BA0E414420B4221800380FC1 /* DLogDBTable.h */,
				BA0E414520B4221800380FC1 /* DLogDBTable.m */,
			);
			path = DB;
			sourceTree = "<group>";
		};
		BA0E414720B4222C00380FC1 /* Model */ = {
			isa = PBXGroup;
			children = (
				BA0E414820B4223C00380FC1 /* DlogModel.h */,
				BA0E414920B4223C00380FC1 /* DlogModel.m */,
			);
			path = Model;
			sourceTree = "<group>";
		};
		BA0E414B20B500CF00380FC1 /* Mgr */ = {
			isa = PBXGroup;
			children = (
				BA0CE23720B6F6BC00CD4843 /* DLogMgr.h */,
				BA0CE23820B6F6BC00CD4843 /* DLogMgr.m */,
			);
			path = Mgr;
			sourceTree = "<group>";
		};
		BA0E414F20B50D1D00380FC1 /* Tool */ = {
			isa = PBXGroup;
			children = (
				BA0E415020B50D3F00380FC1 /* DLogTool.h */,
				BA0E415120B50D3F00380FC1 /* DLogTool.m */,
			);
			path = Tool;
			sourceTree = "<group>";
		};
/* End PBXGroup section */

/* Begin PBXNativeTarget section */
		BA0E410820B415AB00380FC1 /* DebugLogWindow */ = {
			isa = PBXNativeTarget;
			buildConfigurationList = BA0E413520B415AB00380FC1 /* Build configuration list for PBXNativeTarget "DebugLogWindow" */;
			buildPhases = (
				B1D37D4306178610C23732C7 /* [CP] Check Pods Manifest.lock */,
				BA0E410520B415AB00380FC1 /* Sources */,
				BA0E410620B415AB00380FC1 /* Frameworks */,
				BA0E410720B415AB00380FC1 /* Resources */,
				67370F3E705A0FD3A87BC90A /* [CP] Embed Pods Frameworks */,
				06674E666269DAE14C932F1D /* [CP] Copy Pods Resources */,
			);
			buildRules = (
			);
			dependencies = (
			);
			name = DebugLogWindow;
			productName = DebugLogWindow;
			productReference = BA0E410920B415AB00380FC1 /* DebugLogWindow.app */;
			productType = "com.apple.product-type.application";
		};
		BA0E412020B415AB00380FC1 /* DebugLogWindowTests */ = {
			isa = PBXNativeTarget;
			buildConfigurationList = BA0E413820B415AB00380FC1 /* Build configuration list for PBXNativeTarget "DebugLogWindowTests" */;
			buildPhases = (
				BA0E411D20B415AB00380FC1 /* Sources */,
				BA0E411E20B415AB00380FC1 /* Frameworks */,
				BA0E411F20B415AB00380FC1 /* Resources */,
			);
			buildRules = (
			);
			dependencies = (
				BA0E412320B415AB00380FC1 /* PBXTargetDependency */,
			);
			name = DebugLogWindowTests;
			productName = DebugLogWindowTests;
			productReference = BA0E412120B415AB00380FC1 /* DebugLogWindowTests.xctest */;
			productType = "com.apple.product-type.bundle.unit-test";
		};
		BA0E412B20B415AB00380FC1 /* DebugLogWindowUITests */ = {
			isa = PBXNativeTarget;
			buildConfigurationList = BA0E413B20B415AB00380FC1 /* Build configuration list for PBXNativeTarget "DebugLogWindowUITests" */;
			buildPhases = (
				BA0E412820B415AB00380FC1 /* Sources */,
				BA0E412920B415AB00380FC1 /* Frameworks */,
				BA0E412A20B415AB00380FC1 /* Resources */,
			);
			buildRules = (
			);
			dependencies = (
				BA0E412E20B415AB00380FC1 /* PBXTargetDependency */,
			);
			name = DebugLogWindowUITests;
			productName = DebugLogWindowUITests;
			productReference = BA0E412C20B415AB00380FC1 /* DebugLogWindowUITests.xctest */;
			productType = "com.apple.product-type.bundle.ui-testing";
		};
/* End PBXNativeTarget section */

/* Begin PBXProject section */
		BA0E410120B415AB00380FC1 /* Project object */ = {
			isa = PBXProject;
			attributes = {
				LastUpgradeCheck = 0900;
				ORGANIZATIONNAME = luochaojing;
				TargetAttributes = {
					BA0E410820B415AB00380FC1 = {
						CreatedOnToolsVersion = 9.0;
						ProvisioningStyle = Automatic;
					};
					BA0E412020B415AB00380FC1 = {
						CreatedOnToolsVersion = 9.0;
						ProvisioningStyle = Automatic;
						TestTargetID = BA0E410820B415AB00380FC1;
					};
					BA0E412B20B415AB00380FC1 = {
						CreatedOnToolsVersion = 9.0;
						ProvisioningStyle = Automatic;
						TestTargetID = BA0E410820B415AB00380FC1;
					};
				};
			};
			buildConfigurationList = BA0E410420B415AB00380FC1 /* Build configuration list for PBXProject "DebugLogWindow" */;
			compatibilityVersion = "Xcode 8.0";
			developmentRegion = en;
			hasScannedForEncodings = 0;
			knownRegions = (
				en,
				Base,
			);
			mainGroup = BA0E410020B415AB00380FC1;
			productRefGroup = BA0E410A20B415AB00380FC1 /* Products */;
			projectDirPath = "";
			projectRoot = "";
			targets = (
				BA0E410820B415AB00380FC1 /* DebugLogWindow */,
				BA0E412020B415AB00380FC1 /* DebugLogWindowTests */,
				BA0E412B20B415AB00380FC1 /* DebugLogWindowUITests */,
			);
		};
/* End PBXProject section */

/* Begin PBXResourcesBuildPhase section */
		BA0E410720B415AB00380FC1 /* Resources */ = {
			isa = PBXResourcesBuildPhase;
			buildActionMask = 2147483647;
			files = (
				BA0E411920B415AB00380FC1 /* LaunchScreen.storyboard in Resources */,
				BA0E411620B415AB00380FC1 /* Assets.xcassets in Resources */,
				BA0E411420B415AB00380FC1 /* Main.storyboard in Resources */,
			);
			runOnlyForDeploymentPostprocessing = 0;
		};
		BA0E411F20B415AB00380FC1 /* Resources */ = {
			isa = PBXResourcesBuildPhase;
			buildActionMask = 2147483647;
			files = (
			);
			runOnlyForDeploymentPostprocessing = 0;
		};
		BA0E412A20B415AB00380FC1 /* Resources */ = {
			isa = PBXResourcesBuildPhase;
			buildActionMask = 2147483647;
			files = (
			);
			runOnlyForDeploymentPostprocessing = 0;
		};
/* End PBXResourcesBuildPhase section */

/* Begin PBXShellScriptBuildPhase section */
		06674E666269DAE14C932F1D /* [CP] Copy Pods Resources */ = {
			isa = PBXShellScriptBuildPhase;
			buildActionMask = 2147483647;
			files = (
			);
			inputPaths = (
			);
			name = "[CP] Copy Pods Resources";
			outputPaths = (
			);
			runOnlyForDeploymentPostprocessing = 0;
			shellPath = /bin/sh;
			shellScript = "\"${SRCROOT}/Pods/Target Support Files/Pods-DebugLogWindow/Pods-DebugLogWindow-resources.sh\"\n";
			showEnvVarsInLog = 0;
		};
		67370F3E705A0FD3A87BC90A /* [CP] Embed Pods Frameworks */ = {
			isa = PBXShellScriptBuildPhase;
			buildActionMask = 2147483647;
			files = (
			);
			inputPaths = (
			);
			name = "[CP] Embed Pods Frameworks";
			outputPaths = (
			);
			runOnlyForDeploymentPostprocessing = 0;
			shellPath = /bin/sh;
			shellScript = "\"${SRCROOT}/Pods/Target Support Files/Pods-DebugLogWindow/Pods-DebugLogWindow-frameworks.sh\"\n";
			showEnvVarsInLog = 0;
		};
		B1D37D4306178610C23732C7 /* [CP] Check Pods Manifest.lock */ = {
			isa = PBXShellScriptBuildPhase;
			buildActionMask = 2147483647;
			files = (
			);
			inputPaths = (
				"${PODS_PODFILE_DIR_PATH}/Podfile.lock",
				"${PODS_ROOT}/Manifest.lock",
			);
			name = "[CP] Check Pods Manifest.lock";
			outputPaths = (
				"$(DERIVED_FILE_DIR)/Pods-DebugLogWindow-checkManifestLockResult.txt",
			);
			runOnlyForDeploymentPostprocessing = 0;
			shellPath = /bin/sh;
			shellScript = "diff \"${PODS_PODFILE_DIR_PATH}/Podfile.lock\" \"${PODS_ROOT}/Manifest.lock\" > /dev/null\nif [ $? != 0 ] ; then\n    # print error to STDERR\n    echo \"error: The sandbox is not in sync with the Podfile.lock. Run 'pod install' or update your CocoaPods installation.\" >&2\n    exit 1\nfi\n# This output is used by Xcode 'outputs' to avoid re-running this script phase.\necho \"SUCCESS\" > \"${SCRIPT_OUTPUT_FILE_0}\"\n";
			showEnvVarsInLog = 0;
		};
/* End PBXShellScriptBuildPhase section */

/* Begin PBXSourcesBuildPhase section */
		BA0E410520B415AB00380FC1 /* Sources */ = {
			isa = PBXSourcesBuildPhase;
			buildActionMask = 2147483647;
			files = (
				BA0E414E20B501C200380FC1 /* DLogWindowView.m in Sources */,
				BA0E415220B50D3F00380FC1 /* DLogTool.m in Sources */,
				BA0E414620B4221800380FC1 /* DLogDBTable.m in Sources */,
				BA0CE23920B6F6BC00CD4843 /* DLogMgr.m in Sources */,
				BA0E414A20B4223C00380FC1 /* DlogModel.m in Sources */,
				BA0E411120B415AB00380FC1 /* ViewController.m in Sources */,
				BA0E414320B41A1F00380FC1 /* DLogDataBaseMgr.m in Sources */,
				BA0E411C20B415AB00380FC1 /* main.m in Sources */,
				BA0E410E20B415AB00380FC1 /* AppDelegate.m in Sources */,
			);
			runOnlyForDeploymentPostprocessing = 0;
		};
		BA0E411D20B415AB00380FC1 /* Sources */ = {
			isa = PBXSourcesBuildPhase;
			buildActionMask = 2147483647;
			files = (
				BA0E412620B415AB00380FC1 /* DebugLogWindowTests.m in Sources */,
			);
			runOnlyForDeploymentPostprocessing = 0;
		};
		BA0E412820B415AB00380FC1 /* Sources */ = {
			isa = PBXSourcesBuildPhase;
			buildActionMask = 2147483647;
			files = (
				BA0E413120B415AB00380FC1 /* DebugLogWindowUITests.m in Sources */,
			);
			runOnlyForDeploymentPostprocessing = 0;
		};
/* End PBXSourcesBuildPhase section */

/* Begin PBXTargetDependency section */
		BA0E412320B415AB00380FC1 /* PBXTargetDependency */ = {
			isa = PBXTargetDependency;
			target = BA0E410820B415AB00380FC1 /* DebugLogWindow */;
			targetProxy = BA0E412220B415AB00380FC1 /* PBXContainerItemProxy */;
		};
		BA0E412E20B415AB00380FC1 /* PBXTargetDependency */ = {
			isa = PBXTargetDependency;
			target = BA0E410820B415AB00380FC1 /* DebugLogWindow */;
			targetProxy = BA0E412D20B415AB00380FC1 /* PBXContainerItemProxy */;
		};
/* End PBXTargetDependency section */

/* Begin PBXVariantGroup section */
		BA0E411220B415AB00380FC1 /* Main.storyboard */ = {
			isa = PBXVariantGroup;
			children = (
				BA0E411320B415AB00380FC1 /* Base */,
			);
			name = Main.storyboard;
			sourceTree = "<group>";
		};
		BA0E411720B415AB00380FC1 /* LaunchScreen.storyboard */ = {
			isa = PBXVariantGroup;
			children = (
				BA0E411820B415AB00380FC1 /* Base */,
			);
			name = LaunchScreen.storyboard;
			sourceTree = "<group>";
		};
/* End PBXVariantGroup section */

/* Begin XCBuildConfiguration section */
		BA0E413320B415AB00380FC1 /* Debug */ = {
			isa = XCBuildConfiguration;
			buildSettings = {
				ALWAYS_SEARCH_USER_PATHS = NO;
				CLANG_ANALYZER_NONNULL = YES;
				CLANG_ANALYZER_NUMBER_OBJECT_CONVERSION = YES_AGGRESSIVE;
				CLANG_CXX_LANGUAGE_STANDARD = "gnu++14";
				CLANG_CXX_LIBRARY = "libc++";
				CLANG_ENABLE_MODULES = YES;
				CLANG_ENABLE_OBJC_ARC = YES;
				CLANG_WARN_BLOCK_CAPTURE_AUTORELEASING = YES;
				CLANG_WARN_BOOL_CONVERSION = YES;
				CLANG_WARN_COMMA = YES;
				CLANG_WARN_CONSTANT_CONVERSION = YES;
				CLANG_WARN_DIRECT_OBJC_ISA_USAGE = YES_ERROR;
				CLANG_WARN_DOCUMENTATION_COMMENTS = YES;
				CLANG_WARN_EMPTY_BODY = YES;
				CLANG_WARN_ENUM_CONVERSION = YES;
				CLANG_WARN_INFINITE_RECURSION = YES;
				CLANG_WARN_INT_CONVERSION = YES;
				CLANG_WARN_NON_LITERAL_NULL_CONVERSION = YES;
				CLANG_WARN_OBJC_LITERAL_CONVERSION = YES;
				CLANG_WARN_OBJC_ROOT_CLASS = YES_ERROR;
				CLANG_WARN_RANGE_LOOP_ANALYSIS = YES;
				CLANG_WARN_STRICT_PROTOTYPES = YES;
				CLANG_WARN_SUSPICIOUS_MOVE = YES;
				CLANG_WARN_UNGUARDED_AVAILABILITY = YES_AGGRESSIVE;
				CLANG_WARN_UNREACHABLE_CODE = YES;
				CLANG_WARN__DUPLICATE_METHOD_MATCH = YES;
				CODE_SIGN_IDENTITY = "iPhone Developer";
				COPY_PHASE_STRIP = NO;
				DEBUG_INFORMATION_FORMAT = dwarf;
				ENABLE_STRICT_OBJC_MSGSEND = YES;
				ENABLE_TESTABILITY = YES;
				GCC_C_LANGUAGE_STANDARD = gnu11;
				GCC_DYNAMIC_NO_PIC = NO;
				GCC_NO_COMMON_BLOCKS = YES;
				GCC_OPTIMIZATION_LEVEL = 0;
				GCC_PREPROCESSOR_DEFINITIONS = (
					"DEBUG=1",
					"$(inherited)",
				);
				GCC_WARN_64_TO_32_BIT_CONVERSION = YES;
				GCC_WARN_ABOUT_RETURN_TYPE = YES_ERROR;
				GCC_WARN_UNDECLARED_SELECTOR = YES;
				GCC_WARN_UNINITIALIZED_AUTOS = YES_AGGRESSIVE;
				GCC_WARN_UNUSED_FUNCTION = YES;
				GCC_WARN_UNUSED_VARIABLE = YES;
				IPHONEOS_DEPLOYMENT_TARGET = 8.0;
				MTL_ENABLE_DEBUG_INFO = YES;
				ONLY_ACTIVE_ARCH = YES;
				SDKROOT = iphoneos;
			};
			name = Debug;
		};
		BA0E413420B415AB00380FC1 /* Release */ = {
			isa = XCBuildConfiguration;
			buildSettings = {
				ALWAYS_SEARCH_USER_PATHS = NO;
				CLANG_ANALYZER_NONNULL = YES;
				CLANG_ANALYZER_NUMBER_OBJECT_CONVERSION = YES_AGGRESSIVE;
				CLANG_CXX_LANGUAGE_STANDARD = "gnu++14";
				CLANG_CXX_LIBRARY = "libc++";
				CLANG_ENABLE_MODULES = YES;
				CLANG_ENABLE_OBJC_ARC = YES;
				CLANG_WARN_BLOCK_CAPTURE_AUTORELEASING = YES;
				CLANG_WARN_BOOL_CONVERSION = YES;
				CLANG_WARN_COMMA = YES;
				CLANG_WARN_CONSTANT_CONVERSION = YES;
				CLANG_WARN_DIRECT_OBJC_ISA_USAGE = YES_ERROR;
				CLANG_WARN_DOCUMENTATION_COMMENTS = YES;
				CLANG_WARN_EMPTY_BODY = YES;
				CLANG_WARN_ENUM_CONVERSION = YES;
				CLANG_WARN_INFINITE_RECURSION = YES;
				CLANG_WARN_INT_CONVERSION = YES;
				CLANG_WARN_NON_LITERAL_NULL_CONVERSION = YES;
				CLANG_WARN_OBJC_LITERAL_CONVERSION = YES;
				CLANG_WARN_OBJC_ROOT_CLASS = YES_ERROR;
				CLANG_WARN_RANGE_LOOP_ANALYSIS = YES;
				CLANG_WARN_STRICT_PROTOTYPES = YES;
				CLANG_WARN_SUSPICIOUS_MOVE = YES;
				CLANG_WARN_UNGUARDED_AVAILABILITY = YES_AGGRESSIVE;
				CLANG_WARN_UNREACHABLE_CODE = YES;
				CLANG_WARN__DUPLICATE_METHOD_MATCH = YES;
				CODE_SIGN_IDENTITY = "iPhone Developer";
				COPY_PHASE_STRIP = NO;
				DEBUG_INFORMATION_FORMAT = "dwarf-with-dsym";
				ENABLE_NS_ASSERTIONS = NO;
				ENABLE_STRICT_OBJC_MSGSEND = YES;
				GCC_C_LANGUAGE_STANDARD = gnu11;
				GCC_NO_COMMON_BLOCKS = YES;
				GCC_WARN_64_TO_32_BIT_CONVERSION = YES;
				GCC_WARN_ABOUT_RETURN_TYPE = YES_ERROR;
				GCC_WARN_UNDECLARED_SELECTOR = YES;
				GCC_WARN_UNINITIALIZED_AUTOS = YES_AGGRESSIVE;
				GCC_WARN_UNUSED_FUNCTION = YES;
				GCC_WARN_UNUSED_VARIABLE = YES;
				IPHONEOS_DEPLOYMENT_TARGET = 8.0;
				MTL_ENABLE_DEBUG_INFO = NO;
				SDKROOT = iphoneos;
				VALIDATE_PRODUCT = YES;
			};
			name = Release;
		};
		BA0E413620B415AB00380FC1 /* Debug */ = {
			isa = XCBuildConfiguration;
			baseConfigurationReference = EBD5C4D57DB2E9B754F571C9 /* Pods-DebugLogWindow.debug.xcconfig */;
			buildSettings = {
				ASSETCATALOG_COMPILER_APPICON_NAME = AppIcon;
				CODE_SIGN_STYLE = Automatic;
				DEVELOPMENT_TEAM = 2ERYNAFK87;
				INFOPLIST_FILE = DebugLogWindow/Info.plist;
				IPHONEOS_DEPLOYMENT_TARGET = 8.0;
				LD_RUNPATH_SEARCH_PATHS = "$(inherited) @executable_path/Frameworks";
				PRODUCT_BUNDLE_IDENTIFIER = luochaojing.DebugLogWindow;
				PRODUCT_NAME = "$(TARGET_NAME)";
				TARGETED_DEVICE_FAMILY = "1,2";
			};
			name = Debug;
		};
		BA0E413720B415AB00380FC1 /* Release */ = {
			isa = XCBuildConfiguration;
			baseConfigurationReference = 6700FA4C188799D73D658601 /* Pods-DebugLogWindow.release.xcconfig */;
			buildSettings = {
				ASSETCATALOG_COMPILER_APPICON_NAME = AppIcon;
				CODE_SIGN_STYLE = Automatic;
				DEVELOPMENT_TEAM = 2ERYNAFK87;
				INFOPLIST_FILE = DebugLogWindow/Info.plist;
				IPHONEOS_DEPLOYMENT_TARGET = 8.0;
				LD_RUNPATH_SEARCH_PATHS = "$(inherited) @executable_path/Frameworks";
				PRODUCT_BUNDLE_IDENTIFIER = luochaojing.DebugLogWindow;
				PRODUCT_NAME = "$(TARGET_NAME)";
				TARGETED_DEVICE_FAMILY = "1,2";
			};
			name = Release;
		};
		BA0E413920B415AB00380FC1 /* Debug */ = {
			isa = XCBuildConfiguration;
			buildSettings = {
				BUNDLE_LOADER = "$(TEST_HOST)";
				CODE_SIGN_STYLE = Automatic;
				INFOPLIST_FILE = DebugLogWindowTests/Info.plist;
				LD_RUNPATH_SEARCH_PATHS = "$(inherited) @executable_path/Frameworks @loader_path/Frameworks";
				PRODUCT_BUNDLE_IDENTIFIER = luochaojing.DebugLogWindowTests;
				PRODUCT_NAME = "$(TARGET_NAME)";
				TARGETED_DEVICE_FAMILY = "1,2";
				TEST_HOST = "$(BUILT_PRODUCTS_DIR)/DebugLogWindow.app/DebugLogWindow";
			};
			name = Debug;
		};
		BA0E413A20B415AB00380FC1 /* Release */ = {
			isa = XCBuildConfiguration;
			buildSettings = {
				BUNDLE_LOADER = "$(TEST_HOST)";
				CODE_SIGN_STYLE = Automatic;
				INFOPLIST_FILE = DebugLogWindowTests/Info.plist;
				LD_RUNPATH_SEARCH_PATHS = "$(inherited) @executable_path/Frameworks @loader_path/Frameworks";
				PRODUCT_BUNDLE_IDENTIFIER = luochaojing.DebugLogWindowTests;
				PRODUCT_NAME = "$(TARGET_NAME)";
				TARGETED_DEVICE_FAMILY = "1,2";
				TEST_HOST = "$(BUILT_PRODUCTS_DIR)/DebugLogWindow.app/DebugLogWindow";
			};
			name = Release;
		};
		BA0E413C20B415AB00380FC1 /* Debug */ = {
			isa = XCBuildConfiguration;
			buildSettings = {
				CODE_SIGN_STYLE = Automatic;
				INFOPLIST_FILE = DebugLogWindowUITests/Info.plist;
				LD_RUNPATH_SEARCH_PATHS = "$(inherited) @executable_path/Frameworks @loader_path/Frameworks";
				PRODUCT_BUNDLE_IDENTIFIER = luochaojing.DebugLogWindowUITests;
				PRODUCT_NAME = "$(TARGET_NAME)";
				TARGETED_DEVICE_FAMILY = "1,2";
				TEST_TARGET_NAME = DebugLogWindow;
			};
			name = Debug;
		};
		BA0E413D20B415AB00380FC1 /* Release */ = {
			isa = XCBuildConfiguration;
			buildSettings = {
				CODE_SIGN_STYLE = Automatic;
				INFOPLIST_FILE = DebugLogWindowUITests/Info.plist;
				LD_RUNPATH_SEARCH_PATHS = "$(inherited) @executable_path/Frameworks @loader_path/Frameworks";
				PRODUCT_BUNDLE_IDENTIFIER = luochaojing.DebugLogWindowUITests;
				PRODUCT_NAME = "$(TARGET_NAME)";
				TARGETED_DEVICE_FAMILY = "1,2";
				TEST_TARGET_NAME = DebugLogWindow;
			};
			name = Release;
		};
/* End XCBuildConfiguration section */

/* Begin XCConfigurationList section */
		BA0E410420B415AB00380FC1 /* Build configuration list for PBXProject "DebugLogWindow" */ = {
			isa = XCConfigurationList;
			buildConfigurations = (
				BA0E413320B415AB00380FC1 /* Debug */,
				BA0E413420B415AB00380FC1 /* Release */,
			);
			defaultConfigurationIsVisible = 0;
			defaultConfigurationName = Release;
		};
		BA0E413520B415AB00380FC1 /* Build configuration list for PBXNativeTarget "DebugLogWindow" */ = {
			isa = XCConfigurationList;
			buildConfigurations = (
				BA0E413620B415AB00380FC1 /* Debug */,
				BA0E413720B415AB00380FC1 /* Release */,
			);
			defaultConfigurationIsVisible = 0;
			defaultConfigurationName = Release;
		};
		BA0E413820B415AB00380FC1 /* Build configuration list for PBXNativeTarget "DebugLogWindowTests" */ = {
			isa = XCConfigurationList;
			buildConfigurations = (
				BA0E413920B415AB00380FC1 /* Debug */,
				BA0E413A20B415AB00380FC1 /* Release */,
			);
			defaultConfigurationIsVisible = 0;
			defaultConfigurationName = Release;
		};
		BA0E413B20B415AB00380FC1 /* Build configuration list for PBXNativeTarget "DebugLogWindowUITests" */ = {
			isa = XCConfigurationList;
			buildConfigurations = (
				BA0E413C20B415AB00380FC1 /* Debug */,
				BA0E413D20B415AB00380FC1 /* Release */,
			);
			defaultConfigurationIsVisible = 0;
			defaultConfigurationName = Release;
		};
/* End XCConfigurationList section */
	};
	rootObject = BA0E410120B415AB00380FC1 /* Project object */;
}
